{
	"name": "obsidian-wordpress",
	"version": "0.18.0",
	"lockfileVersion": 1,
	"requires": true,
	"dependencies": {
		"@babel/runtime-corejs3": {
			"version": "7.26.7",
			"resolved": "https://registry.npmjs.org/@babel/runtime-corejs3/-/runtime-corejs3-7.26.7.tgz",
			"integrity": "sha512-55gRV8vGrCIYZnaQHQrD92Lo/hYE3Sj5tmbuf0hhHR7sj2CWhEhHU89hbq+UVDXvFG1zUVXJhUkEq1eAfqXtFw==",
			"dev": true,
			"requires": {
				"core-js-pure": "^3.30.2",
				"regenerator-runtime": "^0.14.0"
			}
		},
		"@esbuild/aix-ppc64": {
			"version": "0.25.2",
			"resolved": "https://registry.npmjs.org/@esbuild/aix-ppc64/-/aix-ppc64-0.25.2.tgz",
			"integrity": "sha512-wCIboOL2yXZym2cgm6mlA742s9QeJ8DjGVaL39dLN4rRwrOgOyYSnOaFPhKZGLb2ngj4EyfAFjsNJwPXZvseag==",
			"dev": true,
			"optional": true
		},
		"@esbuild/android-arm": {
			"version": "0.25.2",
			"resolved": "https://registry.npmjs.org/@esbuild/android-arm/-/android-arm-0.25.2.tgz",
			"integrity": "sha512-NQhH7jFstVY5x8CKbcfa166GoV0EFkaPkCKBQkdPJFvo5u+nGXLEH/ooniLb3QI8Fk58YAx7nsPLozUWfCBOJA==",
			"dev": true,
			"optional": true
		},
		"@esbuild/android-arm64": {
			"version": "0.25.2",
			"resolved": "https://registry.npmjs.org/@esbuild/android-arm64/-/android-arm64-0.25.2.tgz",
			"integrity": "sha512-5ZAX5xOmTligeBaeNEPnPaeEuah53Id2tX4c2CVP3JaROTH+j4fnfHCkr1PjXMd78hMst+TlkfKcW/DlTq0i4w==",
			"dev": true,
			"optional": true
		},
		"@esbuild/android-x64": {
			"version": "0.25.2",
			"resolved": "https://registry.npmjs.org/@esbuild/android-x64/-/android-x64-0.25.2.tgz",
			"integrity": "sha512-Ffcx+nnma8Sge4jzddPHCZVRvIfQ0kMsUsCMcJRHkGJ1cDmhe4SsrYIjLUKn1xpHZybmOqCWwB0zQvsjdEHtkg==",
			"dev": true,
			"optional": true
		},
		"@esbuild/darwin-arm64": {
			"version": "0.25.2",
			"resolved": "https://registry.npmjs.org/@esbuild/darwin-arm64/-/darwin-arm64-0.25.2.tgz",
			"integrity": "sha512-MpM6LUVTXAzOvN4KbjzU/q5smzryuoNjlriAIx+06RpecwCkL9JpenNzpKd2YMzLJFOdPqBpuub6eVRP5IgiSA==",
			"dev": true,
			"optional": true
		},
		"@esbuild/darwin-x64": {
			"version": "0.25.2",
			"resolved": "https://registry.npmjs.org/@esbuild/darwin-x64/-/darwin-x64-0.25.2.tgz",
			"integrity": "sha512-5eRPrTX7wFyuWe8FqEFPG2cU0+butQQVNcT4sVipqjLYQjjh8a8+vUTfgBKM88ObB85ahsnTwF7PSIt6PG+QkA==",
			"dev": true,
			"optional": true
		},
		"@esbuild/freebsd-arm64": {
			"version": "0.25.2",
			"resolved": "https://registry.npmjs.org/@esbuild/freebsd-arm64/-/freebsd-arm64-0.25.2.tgz",
			"integrity": "sha512-mLwm4vXKiQ2UTSX4+ImyiPdiHjiZhIaE9QvC7sw0tZ6HoNMjYAqQpGyui5VRIi5sGd+uWq940gdCbY3VLvsO1w==",
			"dev": true,
			"optional": true
		},
		"@esbuild/freebsd-x64": {
			"version": "0.25.2",
			"resolved": "https://registry.npmjs.org/@esbuild/freebsd-x64/-/freebsd-x64-0.25.2.tgz",
			"integrity": "sha512-6qyyn6TjayJSwGpm8J9QYYGQcRgc90nmfdUb0O7pp1s4lTY+9D0H9O02v5JqGApUyiHOtkz6+1hZNvNtEhbwRQ==",
			"dev": true,
			"optional": true
		},
		"@esbuild/linux-arm": {
			"version": "0.25.2",
			"resolved": "https://registry.npmjs.org/@esbuild/linux-arm/-/linux-arm-0.25.2.tgz",
			"integrity": "sha512-UHBRgJcmjJv5oeQF8EpTRZs/1knq6loLxTsjc3nxO9eXAPDLcWW55flrMVc97qFPbmZP31ta1AZVUKQzKTzb0g==",
			"dev": true,
			"optional": true
		},
		"@esbuild/linux-arm64": {
			"version": "0.25.2",
			"resolved": "https://registry.npmjs.org/@esbuild/linux-arm64/-/linux-arm64-0.25.2.tgz",
			"integrity": "sha512-gq/sjLsOyMT19I8obBISvhoYiZIAaGF8JpeXu1u8yPv8BE5HlWYobmlsfijFIZ9hIVGYkbdFhEqC0NvM4kNO0g==",
			"dev": true,
			"optional": true
		},
		"@esbuild/linux-ia32": {
			"version": "0.25.2",
			"resolved": "https://registry.npmjs.org/@esbuild/linux-ia32/-/linux-ia32-0.25.2.tgz",
			"integrity": "sha512-bBYCv9obgW2cBP+2ZWfjYTU+f5cxRoGGQ5SeDbYdFCAZpYWrfjjfYwvUpP8MlKbP0nwZ5gyOU/0aUzZ5HWPuvQ==",
			"dev": true,
			"optional": true
		},
		"@esbuild/linux-loong64": {
			"version": "0.25.2",
			"resolved": "https://registry.npmjs.org/@esbuild/linux-loong64/-/linux-loong64-0.25.2.tgz",
			"integrity": "sha512-SHNGiKtvnU2dBlM5D8CXRFdd+6etgZ9dXfaPCeJtz+37PIUlixvlIhI23L5khKXs3DIzAn9V8v+qb1TRKrgT5w==",
			"dev": true,
			"optional": true
		},
		"@esbuild/linux-mips64el": {
			"version": "0.25.2",
			"resolved": "https://registry.npmjs.org/@esbuild/linux-mips64el/-/linux-mips64el-0.25.2.tgz",
			"integrity": "sha512-hDDRlzE6rPeoj+5fsADqdUZl1OzqDYow4TB4Y/3PlKBD0ph1e6uPHzIQcv2Z65u2K0kpeByIyAjCmjn1hJgG0Q==",
			"dev": true,
			"optional": true
		},
		"@esbuild/linux-ppc64": {
			"version": "0.25.2",
			"resolved": "https://registry.npmjs.org/@esbuild/linux-ppc64/-/linux-ppc64-0.25.2.tgz",
			"integrity": "sha512-tsHu2RRSWzipmUi9UBDEzc0nLc4HtpZEI5Ba+Omms5456x5WaNuiG3u7xh5AO6sipnJ9r4cRWQB2tUjPyIkc6g==",
			"dev": true,
			"optional": true
		},
		"@esbuild/linux-riscv64": {
			"version": "0.25.2",
			"resolved": "https://registry.npmjs.org/@esbuild/linux-riscv64/-/linux-riscv64-0.25.2.tgz",
			"integrity": "sha512-k4LtpgV7NJQOml/10uPU0s4SAXGnowi5qBSjaLWMojNCUICNu7TshqHLAEbkBdAszL5TabfvQ48kK84hyFzjnw==",
			"dev": true,
			"optional": true
		},
		"@esbuild/linux-s390x": {
			"version": "0.25.2",
			"resolved": "https://registry.npmjs.org/@esbuild/linux-s390x/-/linux-s390x-0.25.2.tgz",
			"integrity": "sha512-GRa4IshOdvKY7M/rDpRR3gkiTNp34M0eLTaC1a08gNrh4u488aPhuZOCpkF6+2wl3zAN7L7XIpOFBhnaE3/Q8Q==",
			"dev": true,
			"optional": true
		},
		"@esbuild/linux-x64": {
			"version": "0.25.2",
			"resolved": "https://registry.npmjs.org/@esbuild/linux-x64/-/linux-x64-0.25.2.tgz",
			"integrity": "sha512-QInHERlqpTTZ4FRB0fROQWXcYRD64lAoiegezDunLpalZMjcUcld3YzZmVJ2H/Cp0wJRZ8Xtjtj0cEHhYc/uUg==",
			"dev": true,
			"optional": true
		},
		"@esbuild/netbsd-arm64": {
			"version": "0.25.2",
			"resolved": "https://registry.npmjs.org/@esbuild/netbsd-arm64/-/netbsd-arm64-0.25.2.tgz",
			"integrity": "sha512-talAIBoY5M8vHc6EeI2WW9d/CkiO9MQJ0IOWX8hrLhxGbro/vBXJvaQXefW2cP0z0nQVTdQ/eNyGFV1GSKrxfw==",
			"dev": true,
			"optional": true
		},
		"@esbuild/netbsd-x64": {
			"version": "0.25.2",
			"resolved": "https://registry.npmjs.org/@esbuild/netbsd-x64/-/netbsd-x64-0.25.2.tgz",
			"integrity": "sha512-voZT9Z+tpOxrvfKFyfDYPc4DO4rk06qamv1a/fkuzHpiVBMOhpjK+vBmWM8J1eiB3OLSMFYNaOaBNLXGChf5tg==",
			"dev": true,
			"optional": true
		},
		"@esbuild/openbsd-arm64": {
			"version": "0.25.2",
			"resolved": "https://registry.npmjs.org/@esbuild/openbsd-arm64/-/openbsd-arm64-0.25.2.tgz",
			"integrity": "sha512-dcXYOC6NXOqcykeDlwId9kB6OkPUxOEqU+rkrYVqJbK2hagWOMrsTGsMr8+rW02M+d5Op5NNlgMmjzecaRf7Tg==",
			"dev": true,
			"optional": true
		},
		"@esbuild/openbsd-x64": {
			"version": "0.25.2",
			"resolved": "https://registry.npmjs.org/@esbuild/openbsd-x64/-/openbsd-x64-0.25.2.tgz",
			"integrity": "sha512-t/TkWwahkH0Tsgoq1Ju7QfgGhArkGLkF1uYz8nQS/PPFlXbP5YgRpqQR3ARRiC2iXoLTWFxc6DJMSK10dVXluw==",
			"dev": true,
			"optional": true
		},
		"@esbuild/sunos-x64": {
			"version": "0.25.2",
			"resolved": "https://registry.npmjs.org/@esbuild/sunos-x64/-/sunos-x64-0.25.2.tgz",
			"integrity": "sha512-cfZH1co2+imVdWCjd+D1gf9NjkchVhhdpgb1q5y6Hcv9TP6Zi9ZG/beI3ig8TvwT9lH9dlxLq5MQBBgwuj4xvA==",
			"dev": true,
			"optional": true
		},
		"@esbuild/win32-arm64": {
			"version": "0.25.2",
			"resolved": "https://registry.npmjs.org/@esbuild/win32-arm64/-/win32-arm64-0.25.2.tgz",
			"integrity": "sha512-7Loyjh+D/Nx/sOTzV8vfbB3GJuHdOQyrOryFdZvPHLf42Tk9ivBU5Aedi7iyX+x6rbn2Mh68T4qq1SDqJBQO5Q==",
			"dev": true,
			"optional": true
		},
		"@esbuild/win32-ia32": {
			"version": "0.25.2",
			"resolved": "https://registry.npmjs.org/@esbuild/win32-ia32/-/win32-ia32-0.25.2.tgz",
			"integrity": "sha512-WRJgsz9un0nqZJ4MfhabxaD9Ft8KioqU3JMinOTvobbX6MOSUigSBlogP8QB3uxpJDsFS6yN+3FDBdqE5lg9kg==",
			"dev": true,
			"optional": true
		},
		"@esbuild/win32-x64": {
			"version": "0.25.2",
			"resolved": "https://registry.npmjs.org/@esbuild/win32-x64/-/win32-x64-0.25.2.tgz",
			"integrity": "sha512-kM3HKb16VIXZyIeVrM1ygYmZBKybX8N4p754bw390wGO3Tf2j4L2/WYL+4suWujpgf6GBYs3jv7TyUivdd05JA==",
			"dev": true,
			"optional": true
		},
		"@eslint-community/eslint-utils": {
			"version": "4.4.0",
			"resolved": "https://registry.npmjs.org/@eslint-community/eslint-utils/-/eslint-utils-4.4.0.tgz",
			"integrity": "sha512-1/sA4dwrzBAyeUoQ6oxahHKmrZvsnLCg4RfxW3ZFGGmQkSNQPFNLV9CUEFQP1x9EYXHTo5p6xdhZM1Ne9p/AfA==",
			"dev": true,
			"requires": {
				"eslint-visitor-keys": "^3.3.0"
			}
		},
		"@eslint-community/regexpp": {
			"version": "4.12.1",
			"resolved": "https://registry.npmjs.org/@eslint-community/regexpp/-/regexpp-4.12.1.tgz",
			"integrity": "sha512-CCZCDJuduB9OUkFkY2IgppNZMi2lBQgD2qzwXkEia16cge2pijY/aXi96CJMquDMn3nJdlPV1A5KrJEXwfLNzQ==",
			"dev": true
		},
		"@nodelib/fs.scandir": {
			"version": "2.1.5",
			"resolved": "https://registry.npmjs.org/@nodelib/fs.scandir/-/fs.scandir-2.1.5.tgz",
			"integrity": "sha512-vq24Bq3ym5HEQm2NKCr3yXDwjc7vTsEThRDnkp2DK9p1uqLR+DHurm/NOTo0KG7HYHU7eppKZj3MyqYuMBf62g==",
			"dev": true,
			"requires": {
				"@nodelib/fs.stat": "2.0.5",
				"run-parallel": "^1.1.9"
			}
		},
		"@nodelib/fs.stat": {
			"version": "2.0.5",
			"resolved": "https://registry.npmjs.org/@nodelib/fs.stat/-/fs.stat-2.0.5.tgz",
			"integrity": "sha512-RkhPPp2zrqDAQA/2jNhnztcPAlv64XdhIp7a7454A5ovI7Bukxgt7MX7udwAu3zg1DcpPU0rz3VV1SeaqvY4+A==",
			"dev": true
		},
		"@nodelib/fs.walk": {
			"version": "1.2.8",
			"resolved": "https://registry.npmjs.org/@nodelib/fs.walk/-/fs.walk-1.2.8.tgz",
			"integrity": "sha512-oGB+UxlgWcgQkgwo8GcEGwemoTFt3FIO9ababBmaGwXIoBKZ+GTy0pP185beGg7Llih/NSHSV2XAs1lnznocSg==",
			"dev": true,
			"requires": {
				"@nodelib/fs.scandir": "2.1.5",
				"fastq": "^1.6.0"
			}
		},
		"@types/codemirror": {
			"version": "5.60.8",
			"resolved": "https://registry.npmjs.org/@types/codemirror/-/codemirror-5.60.8.tgz",
			"integrity": "sha512-VjFgDF/eB+Aklcy15TtOTLQeMjTo07k7KAjql8OK5Dirr7a6sJY4T1uVBDuTVG9VEmn1uUsohOpYnVfgC6/jyw==",
			"dev": true,
			"requires": {
				"@types/tern": "*"
			}
		},
		"@types/estree": {
			"version": "1.0.6",
			"resolved": "https://registry.npmjs.org/@types/estree/-/estree-1.0.6.tgz",
			"integrity": "sha512-AYnb1nQyY49te+VRAVgmzfcgjYS91mY5P0TKUDCLEM+gNnA+3T6rWITXRLYCpahpqSQbN5cE+gHpnPyXjHWxcw==",
			"dev": true
		},
		"@types/js-yaml": {
			"version": "4.0.9",
			"resolved": "https://registry.npmjs.org/@types/js-yaml/-/js-yaml-4.0.9.tgz",
			"integrity": "sha512-k4MGaQl5TGo/iipqb2UDG2UwjXziSWkh0uysQelTlJpX1qGlpUZYm8PnO4DxG1qBomtJUdYJ6qR6xdIah10JLg==",
			"dev": true
		},
		"@types/linkify-it": {
			"version": "5.0.0",
			"resolved": "https://registry.npmjs.org/@types/linkify-it/-/linkify-it-5.0.0.tgz",
			"integrity": "sha512-sVDA58zAw4eWAffKOaQH5/5j3XeayukzDk+ewSsnv3p4yJEZHCCzMDiZM8e0OUrRvmpGZ85jf4yDHkHsgBNr9Q==",
			"dev": true
		},
		"@types/lodash": {
			"version": "4.14.202",
			"resolved": "https://registry.npmjs.org/@types/lodash/-/lodash-4.14.202.tgz",
			"integrity": "sha512-OvlIYQK9tNneDlS0VN54LLd5uiPCBOp7gS5Z0f1mjoJYBrtStzgmJBxONW3U6OZqdtNzZPmn9BS/7WI7BFFcFQ==",
			"dev": true
		},
		"@types/lodash-es": {
			"version": "4.17.12",
			"resolved": "https://registry.npmjs.org/@types/lodash-es/-/lodash-es-4.17.12.tgz",
			"integrity": "sha512-0NgftHUcV4v34VhXm8QBSftKVXtbkBG3ViCjs6+eJ5a6y6Mi/jiFGPc1sC7QK+9BFhWrURE3EOggmWaSxL9OzQ==",
			"dev": true,
			"requires": {
				"@types/lodash": "*"
			}
		},
		"@types/markdown-it": {
			"version": "14.1.2",
			"resolved": "https://registry.npmjs.org/@types/markdown-it/-/markdown-it-14.1.2.tgz",
			"integrity": "sha512-promo4eFwuiW+TfGxhi+0x3czqTYJkG8qB17ZUJiVF10Xm7NLVRSLUsfRTU/6h1e24VvRnXCx+hG7li58lkzog==",
			"dev": true,
			"requires": {
				"@types/linkify-it": "^5",
				"@types/mdurl": "^2"
			}
		},
		"@types/mdurl": {
			"version": "2.0.0",
			"resolved": "https://registry.npmjs.org/@types/mdurl/-/mdurl-2.0.0.tgz",
			"integrity": "sha512-RGdgjQUZba5p6QEFAVx2OGb8rQDL/cPRG7GiedRzMcJ1tYnUANBncjbSB1NRGwbvjcPeikRABz2nshyPk1bhWg==",
			"dev": true
		},
		"@types/node": {
			"version": "22.14.1",
			"resolved": "https://registry.npmjs.org/@types/node/-/node-22.14.1.tgz",
			"integrity": "sha512-u0HuPQwe/dHrItgHHpmw3N2fYCR6x4ivMNbPHRkBVP4CvN+kiRrKHWk3i8tXiO/joPwXLMYvF9TTF0eqgHIuOw==",
			"dev": true,
			"requires": {
				"undici-types": "~6.21.0"
			}
		},
		"@types/tern": {
			"version": "0.23.9",
			"resolved": "https://registry.npmjs.org/@types/tern/-/tern-0.23.9.tgz",
			"integrity": "sha512-ypzHFE/wBzh+BlH6rrBgS5I/Z7RD21pGhZ2rltb/+ZrVM1awdZwjx7hE5XfuYgHWk9uvV5HLZN3SloevCAp3Bw==",
			"dev": true,
			"requires": {
				"@types/estree": "*"
			}
		},
		"@typescript-eslint/eslint-plugin": {
			"version": "8.30.1",
			"resolved": "https://registry.npmjs.org/@typescript-eslint/eslint-plugin/-/eslint-plugin-8.30.1.tgz",
			"integrity": "sha512-v+VWphxMjn+1t48/jO4t950D6KR8JaJuNXzi33Ve6P8sEmPr5k6CEXjdGwT6+LodVnEa91EQCtwjWNUCPweo+Q==",
			"dev": true,
			"requires": {
				"@eslint-community/regexpp": "^4.10.0",
				"@typescript-eslint/scope-manager": "8.30.1",
				"@typescript-eslint/type-utils": "8.30.1",
				"@typescript-eslint/utils": "8.30.1",
				"@typescript-eslint/visitor-keys": "8.30.1",
				"graphemer": "^1.4.0",
				"ignore": "^5.3.1",
				"natural-compare": "^1.4.0",
				"ts-api-utils": "^2.0.1"
			}
		},
		"@typescript-eslint/parser": {
			"version": "8.30.1",
			"resolved": "https://registry.npmjs.org/@typescript-eslint/parser/-/parser-8.30.1.tgz",
			"integrity": "sha512-H+vqmWwT5xoNrXqWs/fesmssOW70gxFlgcMlYcBaWNPIEWDgLa4W9nkSPmhuOgLnXq9QYgkZ31fhDyLhleCsAg==",
			"dev": true,
			"requires": {
				"@typescript-eslint/scope-manager": "8.30.1",
				"@typescript-eslint/types": "8.30.1",
				"@typescript-eslint/typescript-estree": "8.30.1",
				"@typescript-eslint/visitor-keys": "8.30.1",
				"debug": "^4.3.4"
			}
		},
		"@typescript-eslint/scope-manager": {
			"version": "8.30.1",
			"resolved": "https://registry.npmjs.org/@typescript-eslint/scope-manager/-/scope-manager-8.30.1.tgz",
			"integrity": "sha512-+C0B6ChFXZkuaNDl73FJxRYT0G7ufVPOSQkqkpM/U198wUwUFOtgo1k/QzFh1KjpBitaK7R1tgjVz6o9HmsRPg==",
			"dev": true,
			"requires": {
				"@typescript-eslint/types": "8.30.1",
				"@typescript-eslint/visitor-keys": "8.30.1"
			}
		},
		"@typescript-eslint/type-utils": {
			"version": "8.30.1",
			"resolved": "https://registry.npmjs.org/@typescript-eslint/type-utils/-/type-utils-8.30.1.tgz",
			"integrity": "sha512-64uBF76bfQiJyHgZISC7vcNz3adqQKIccVoKubyQcOnNcdJBvYOILV1v22Qhsw3tw3VQu5ll8ND6hycgAR5fEA==",
			"dev": true,
			"requires": {
				"@typescript-eslint/typescript-estree": "8.30.1",
				"@typescript-eslint/utils": "8.30.1",
				"debug": "^4.3.4",
				"ts-api-utils": "^2.0.1"
			}
		},
		"@typescript-eslint/types": {
			"version": "8.30.1",
			"resolved": "https://registry.npmjs.org/@typescript-eslint/types/-/types-8.30.1.tgz",
			"integrity": "sha512-81KawPfkuulyWo5QdyG/LOKbspyyiW+p4vpn4bYO7DM/hZImlVnFwrpCTnmNMOt8CvLRr5ojI9nU1Ekpw4RcEw==",
			"dev": true
		},
		"@typescript-eslint/typescript-estree": {
			"version": "8.30.1",
			"resolved": "https://registry.npmjs.org/@typescript-eslint/typescript-estree/-/typescript-estree-8.30.1.tgz",
			"integrity": "sha512-kQQnxymiUy9tTb1F2uep9W6aBiYODgq5EMSk6Nxh4Z+BDUoYUSa029ISs5zTzKBFnexQEh71KqwjKnRz58lusQ==",
			"dev": true,
			"requires": {
				"@typescript-eslint/types": "8.30.1",
				"@typescript-eslint/visitor-keys": "8.30.1",
				"debug": "^4.3.4",
				"fast-glob": "^3.3.2",
				"is-glob": "^4.0.3",
				"minimatch": "^9.0.4",
				"semver": "^7.6.0",
				"ts-api-utils": "^2.0.1"
			},
			"dependencies": {
				"brace-expansion": {
					"version": "2.0.1",
					"resolved": "https://registry.npmjs.org/brace-expansion/-/brace-expansion-2.0.1.tgz",
					"integrity": "sha512-XnAIvQ8eM+kC6aULx6wuQiwVsnzsi9d3WxzV3FpWTGA19F621kwdbsAcFKXgKUHZWsy+mY6iL1sHTxWEFCytDA==",
					"dev": true,
					"requires": {
						"balanced-match": "^1.0.0"
					}
				},
				"minimatch": {
					"version": "9.0.5",
					"resolved": "https://registry.npmjs.org/minimatch/-/minimatch-9.0.5.tgz",
					"integrity": "sha512-G6T0ZX48xgozx7587koeX9Ys2NYy6Gmv//P89sEte9V9whIapMNF4idKxnW2QtCcLiTWlb/wfCabAtAFWhhBow==",
					"dev": true,
					"requires": {
						"brace-expansion": "^2.0.1"
					}
				}
			}
		},
		"@typescript-eslint/utils": {
			"version": "8.30.1",
			"resolved": "https://registry.npmjs.org/@typescript-eslint/utils/-/utils-8.30.1.tgz",
			"integrity": "sha512-T/8q4R9En2tcEsWPQgB5BQ0XJVOtfARcUvOa8yJP3fh9M/mXraLxZrkCfGb6ChrO/V3W+Xbd04RacUEqk1CFEQ==",
			"dev": true,
			"requires": {
				"@eslint-community/eslint-utils": "^4.4.0",
				"@typescript-eslint/scope-manager": "8.30.1",
				"@typescript-eslint/types": "8.30.1",
				"@typescript-eslint/typescript-estree": "8.30.1"
			}
		},
		"@typescript-eslint/visitor-keys": {
			"version": "8.30.1",
			"resolved": "https://registry.npmjs.org/@typescript-eslint/visitor-keys/-/visitor-keys-8.30.1.tgz",
			"integrity": "sha512-aEhgas7aJ6vZnNFC7K4/vMGDGyOiqWcYZPpIWrTKuTAlsvDNKy2GFDqh9smL+iq069ZvR0YzEeq0B8NJlLzjFA==",
			"dev": true,
			"requires": {
				"@typescript-eslint/types": "8.30.1",
				"eslint-visitor-keys": "^4.2.0"
			},
			"dependencies": {
				"eslint-visitor-keys": {
					"version": "4.2.0",
					"resolved": "https://registry.npmjs.org/eslint-visitor-keys/-/eslint-visitor-keys-4.2.0.tgz",
					"integrity": "sha512-UyLnSehNt62FFhSwjZlHmeokpRK59rcz29j+F1/aDgbkbRTk7wIc9XzdoasMUbRNKDM0qQt/+BJ4BrpFeABemw==",
					"dev": true
				}
			}
		},
		"ansi-colors": {
			"version": "4.1.3",
			"resolved": "https://registry.npmjs.org/ansi-colors/-/ansi-colors-4.1.3.tgz",
			"integrity": "sha512-/6w/C21Pm1A7aZitlI5Ni/2J6FFQN8i1Cvz3kHABAAbw93v/NlvKdVOqz7CCWz/3iv/JplRSEEZ83XION15ovw==",
			"dev": true
		},
		"argparse": {
			"version": "2.0.1",
			"resolved": "https://registry.npmjs.org/argparse/-/argparse-2.0.1.tgz",
			"integrity": "sha512-8+9WqebbFzpX9OR+Wa6O29asIogeRMzcGtAINdpMHHyAg10f05aSFVBbcEqGf/PXw1EjAZ+q2/bEBg3DvurK3Q==",
			"dev": true
		},
		"balanced-match": {
			"version": "1.0.2",
			"resolved": "https://registry.npmjs.org/balanced-match/-/balanced-match-1.0.2.tgz",
			"integrity": "sha512-3oSeUO0TMV67hN1AmbXsK4yaqU7tjiHlbxRDZOpH0KW9+CeX4bRAaX0Anxt0tx2MrpRpWwQaPwIlISEJhYU5Pw==",
			"dev": true
		},
		"boolbase": {
			"version": "1.0.0",
			"resolved": "https://registry.npmjs.org/boolbase/-/boolbase-1.0.0.tgz",
			"integrity": "sha512-JZOSA7Mo9sNGB8+UjSgzdLtokWAky1zbztM3WRLCbZ70/3cTANmQmOdR7y2g+J0e2WXywy1yS468tY+IruqEww==",
			"dev": true
		},
		"brace-expansion": {
			"version": "1.1.11",
			"resolved": "https://registry.npmjs.org/brace-expansion/-/brace-expansion-1.1.11.tgz",
			"integrity": "sha512-iCuPHDFgrHX7H2vEI/5xpz07zSHB00TpugqhmYtVmMO6518mCuRMoOYFldEBl0g187ufozdaHgWKcYFb61qGiA==",
			"dev": true,
			"requires": {
				"balanced-match": "^1.0.0",
				"concat-map": "0.0.1"
			}
		},
		"braces": {
			"version": "3.0.3",
			"resolved": "https://registry.npmjs.org/braces/-/braces-3.0.3.tgz",
			"integrity": "sha512-yQbXgO/OSZVD2IsiLlro+7Hf6Q18EJrKSEsdoMzKePKXct3gvD8oLcOQdIzGupr5Fj+EDe8gO/lxc1BzfMpxvA==",
			"dev": true,
			"requires": {
				"fill-range": "^7.1.1"
			}
		},
		"builtin-modules": {
			"version": "5.0.0",
			"resolved": "https://registry.npmjs.org/builtin-modules/-/builtin-modules-5.0.0.tgz",
			"integrity": "sha512-bkXY9WsVpY7CvMhKSR6pZilZu9Ln5WDrKVBUXf2S443etkmEO4V58heTecXcUIsNsi4Rx8JUO4NfX1IcQl4deg==",
			"dev": true
		},
		"cheerio": {
			"version": "1.0.0",
			"resolved": "https://registry.npmjs.org/cheerio/-/cheerio-1.0.0.tgz",
			"integrity": "sha512-quS9HgjQpdaXOvsZz82Oz7uxtXiy6UIsIQcpBj7HRw2M63Skasm9qlDocAM7jNuaxdhpPU7c4kJN+gA5MCu4ww==",
			"dev": true,
			"requires": {
				"cheerio-select": "^2.1.0",
				"dom-serializer": "^2.0.0",
				"domhandler": "^5.0.3",
				"domutils": "^3.1.0",
				"encoding-sniffer": "^0.2.0",
				"htmlparser2": "^9.1.0",
				"parse5": "^7.1.2",
				"parse5-htmlparser2-tree-adapter": "^7.0.0",
				"parse5-parser-stream": "^7.1.2",
				"undici": "^6.19.5",
				"whatwg-mimetype": "^4.0.0"
			}
		},
		"cheerio-select": {
			"version": "2.1.0",
			"resolved": "https://registry.npmjs.org/cheerio-select/-/cheerio-select-2.1.0.tgz",
			"integrity": "sha512-9v9kG0LvzrlcungtnJtpGNxY+fzECQKhK4EGJX2vByejiMX84MFNQw4UxPJl3bFbTMw+Dfs37XaIkCwTZfLh4g==",
			"dev": true,
			"requires": {
				"boolbase": "^1.0.0",
				"css-select": "^5.1.0",
				"css-what": "^6.1.0",
				"domelementtype": "^2.3.0",
				"domhandler": "^5.0.3",
				"domutils": "^3.0.1"
			}
		},
		"commander": {
			"version": "12.1.0",
			"resolved": "https://registry.npmjs.org/commander/-/commander-12.1.0.tgz",
			"integrity": "sha512-Vw8qHK3bZM9y/P10u3Vib8o/DdkvA2OtPtZvD871QKjy74Wj1WSKFILMPRPSdUSx5RFK1arlJzEtA4PkFgnbuA==",
			"dev": true
		},
		"concat-map": {
			"version": "0.0.1",
			"resolved": "https://registry.npmjs.org/concat-map/-/concat-map-0.0.1.tgz",
			"integrity": "sha512-/Srv4dswyQNBfohGpz9o6Yb3Gz3SrUDqBH5rTuhGR7ahtlbYKnVxw2bCFMRljaA7EXHaXZ8wsHdodFvbkhKmqg==",
			"dev": true
		},
		"core-js-pure": {
			"version": "3.40.0",
			"resolved": "https://registry.npmjs.org/core-js-pure/-/core-js-pure-3.40.0.tgz",
			"integrity": "sha512-AtDzVIgRrmRKQai62yuSIN5vNiQjcJakJb4fbhVw3ehxx7Lohphvw9SGNWKhLFqSxC4ilD0g/L1huAYFQU3Q6A==",
			"dev": true
		},
		"css-select": {
			"version": "5.1.0",
			"resolved": "https://registry.npmjs.org/css-select/-/css-select-5.1.0.tgz",
			"integrity": "sha512-nwoRF1rvRRnnCqqY7updORDsuqKzqYJ28+oSMaJMMgOauh3fvwHqMS7EZpIPqK8GL+g9mKxF1vP/ZjSeNjEVHg==",
			"dev": true,
			"requires": {
				"boolbase": "^1.0.0",
				"css-what": "^6.1.0",
				"domhandler": "^5.0.2",
				"domutils": "^3.0.1",
				"nth-check": "^2.0.1"
			}
		},
		"css-what": {
			"version": "6.1.0",
			"resolved": "https://registry.npmjs.org/css-what/-/css-what-6.1.0.tgz",
			"integrity": "sha512-HTUrgRJ7r4dsZKU6GjmpfRK1O76h97Z8MfS1G0FozR+oF2kG6Vfe8JE6zwrkbxigziPHinCJ+gCPjA9EaBDtRw==",
			"dev": true
		},
		"date-fns": {
			"version": "4.1.0",
			"resolved": "https://registry.npmjs.org/date-fns/-/date-fns-4.1.0.tgz",
			"integrity": "sha512-Ukq0owbQXxa/U3EGtsdVBkR1w7KOQ5gIBqdH2hkvknzZPYvBxb/aa6E8L7tmjFtkwZBu3UXBbjIgPo/Ez4xaNg==",
			"dev": true
		},
		"debug": {
			"version": "4.4.0",
			"resolved": "https://registry.npmjs.org/debug/-/debug-4.4.0.tgz",
			"integrity": "sha512-6WTZ/IxCY/T6BALoZHaE4ctp9xm+Z5kY/pzYaCHRFeyVhojxlrm+46y68HA6hr0TcwEssoxNiDEUJQjfPZ/RYA==",
			"dev": true,
			"requires": {
				"ms": "^2.1.3"
			}
		},
		"dom-serializer": {
			"version": "2.0.0",
			"resolved": "https://registry.npmjs.org/dom-serializer/-/dom-serializer-2.0.0.tgz",
			"integrity": "sha512-wIkAryiqt/nV5EQKqQpo3SToSOV9J0DnbJqwK7Wv/Trc92zIAYZ4FlMu+JPFW1DfGFt81ZTCGgDEabffXeLyJg==",
			"dev": true,
			"requires": {
				"domelementtype": "^2.3.0",
				"domhandler": "^5.0.2",
				"entities": "^4.2.0"
			}
		},
		"domelementtype": {
			"version": "2.3.0",
			"resolved": "https://registry.npmjs.org/domelementtype/-/domelementtype-2.3.0.tgz",
			"integrity": "sha512-OLETBj6w0OsagBwdXnPdN0cnMfF9opN69co+7ZrbfPGrdpPVNBUj02spi6B1N7wChLQiPn4CSH/zJvXw56gmHw==",
			"dev": true
		},
		"domhandler": {
			"version": "5.0.3",
			"resolved": "https://registry.npmjs.org/domhandler/-/domhandler-5.0.3.tgz",
			"integrity": "sha512-cgwlv/1iFQiFnU96XXgROh8xTeetsnJiDsTc7TYCLFd9+/WNkIqPTxiM/8pSd8VIrhXGTf1Ny1q1hquVqDJB5w==",
			"dev": true,
			"requires": {
				"domelementtype": "^2.3.0"
			}
		},
		"domutils": {
			"version": "3.2.2",
			"resolved": "https://registry.npmjs.org/domutils/-/domutils-3.2.2.tgz",
			"integrity": "sha512-6kZKyUajlDuqlHKVX1w7gyslj9MPIXzIFiz/rGu35uC1wMi+kMhQwGhl4lt9unC9Vb9INnY9Z3/ZA3+FhASLaw==",
			"dev": true,
			"requires": {
				"dom-serializer": "^2.0.0",
				"domelementtype": "^2.3.0",
				"domhandler": "^5.0.3"
			}
		},
		"encoding-sniffer": {
			"version": "0.2.0",
			"resolved": "https://registry.npmjs.org/encoding-sniffer/-/encoding-sniffer-0.2.0.tgz",
			"integrity": "sha512-ju7Wq1kg04I3HtiYIOrUrdfdDvkyO9s5XM8QAj/bN61Yo/Vb4vgJxy5vi4Yxk01gWHbrofpPtpxM8bKger9jhg==",
			"dev": true,
			"requires": {
				"iconv-lite": "^0.6.3",
				"whatwg-encoding": "^3.1.1"
			}
		},
		"entities": {
			"version": "4.5.0",
			"resolved": "https://registry.npmjs.org/entities/-/entities-4.5.0.tgz",
			"integrity": "sha512-V0hjH4dGPh9Ao5p0MoRY6BVqtwCjhz6vI5LT8AJ55H+4g9/4vbHx1I54fS0XuclLhDHArPQCiMjDxjaL8fPxhw==",
			"dev": true
		},
		"esbuild": {
			"version": "0.25.2",
			"resolved": "https://registry.npmjs.org/esbuild/-/esbuild-0.25.2.tgz",
			"integrity": "sha512-16854zccKPnC+toMywC+uKNeYSv+/eXkevRAfwRD/G9Cleq66m8XFIrigkbvauLLlCfDL45Q2cWegSg53gGBnQ==",
			"dev": true,
			"requires": {
				"@esbuild/aix-ppc64": "0.25.2",
				"@esbuild/android-arm": "0.25.2",
				"@esbuild/android-arm64": "0.25.2",
				"@esbuild/android-x64": "0.25.2",
				"@esbuild/darwin-arm64": "0.25.2",
				"@esbuild/darwin-x64": "0.25.2",
				"@esbuild/freebsd-arm64": "0.25.2",
				"@esbuild/freebsd-x64": "0.25.2",
				"@esbuild/linux-arm": "0.25.2",
				"@esbuild/linux-arm64": "0.25.2",
				"@esbuild/linux-ia32": "0.25.2",
				"@esbuild/linux-loong64": "0.25.2",
				"@esbuild/linux-mips64el": "0.25.2",
				"@esbuild/linux-ppc64": "0.25.2",
				"@esbuild/linux-riscv64": "0.25.2",
				"@esbuild/linux-s390x": "0.25.2",
				"@esbuild/linux-x64": "0.25.2",
				"@esbuild/netbsd-arm64": "0.25.2",
				"@esbuild/netbsd-x64": "0.25.2",
				"@esbuild/openbsd-arm64": "0.25.2",
				"@esbuild/openbsd-x64": "0.25.2",
				"@esbuild/sunos-x64": "0.25.2",
				"@esbuild/win32-arm64": "0.25.2",
				"@esbuild/win32-ia32": "0.25.2",
				"@esbuild/win32-x64": "0.25.2"
			}
		},
		"escape-goat": {
			"version": "3.0.0",
			"resolved": "https://registry.npmjs.org/escape-goat/-/escape-goat-3.0.0.tgz",
			"integrity": "sha512-w3PwNZJwRxlp47QGzhuEBldEqVHHhh8/tIPcl6ecf2Bou99cdAt0knihBV0Ecc7CGxYduXVBDheH1K2oADRlvw==",
			"dev": true
		},
		"eslint-plugin-es": {
			"version": "3.0.1",
			"resolved": "https://registry.npmjs.org/eslint-plugin-es/-/eslint-plugin-es-3.0.1.tgz",
			"integrity": "sha512-GUmAsJaN4Fc7Gbtl8uOBlayo2DqhwWvEzykMHSCZHU3XdJ+NSzzZcVhXh3VxX5icqQ+oQdIEawXX8xkR3mIFmQ==",
			"dev": true,
			"requires": {
				"eslint-utils": "^2.0.0",
				"regexpp": "^3.0.0"
			}
		},
		"eslint-plugin-node": {
			"version": "11.1.0",
			"resolved": "https://registry.npmjs.org/eslint-plugin-node/-/eslint-plugin-node-11.1.0.tgz",
			"integrity": "sha512-oUwtPJ1W0SKD0Tr+wqu92c5xuCeQqB3hSCHasn/ZgjFdA9iDGNkNf2Zi9ztY7X+hNuMib23LNGRm6+uN+KLE3g==",
			"dev": true,
			"requires": {
				"eslint-plugin-es": "^3.0.0",
				"eslint-utils": "^2.0.0",
				"ignore": "^5.1.1",
				"minimatch": "^3.0.4",
				"resolve": "^1.10.1",
				"semver": "^6.1.0"
			},
			"dependencies": {
				"semver": {
					"version": "6.3.1",
					"resolved": "https://registry.npmjs.org/semver/-/semver-6.3.1.tgz",
					"integrity": "sha512-BR7VvDCVHO+q2xBEWskxS6DJE1qRnb7DxzUrogb71CWoSficBxYsiAGd+Kl0mmq/MprG9yArRkyrQxTO6XjMzA==",
					"dev": true
				}
			}
		},
		"eslint-utils": {
			"version": "2.1.0",
			"resolved": "https://registry.npmjs.org/eslint-utils/-/eslint-utils-2.1.0.tgz",
			"integrity": "sha512-w94dQYoauyvlDc43XnGB8lU3Zt713vNChgt4EWwhXAP2XkBvndfxF0AgIqKOOasjPIPzj9JqgwkwbCYD0/V3Zg==",
			"dev": true,
			"requires": {
				"eslint-visitor-keys": "^1.1.0"
			},
			"dependencies": {
				"eslint-visitor-keys": {
					"version": "1.3.0",
					"resolved": "https://registry.npmjs.org/eslint-visitor-keys/-/eslint-visitor-keys-1.3.0.tgz",
					"integrity": "sha512-6J72N8UNa462wa/KFODt/PJ3IU60SDpC3QXC1Hjc1BXXpfL2C9R5+AU7jhe0F6GREqVMh4Juu+NY7xn+6dipUQ==",
					"dev": true
				}
			}
		},
		"eslint-visitor-keys": {
			"version": "3.4.3",
			"resolved": "https://registry.npmjs.org/eslint-visitor-keys/-/eslint-visitor-keys-3.4.3.tgz",
			"integrity": "sha512-wpc+LXeiyiisxPlEkUzU6svyS1frIO3Mgxj1fdy7Pm8Ygzguax2N3Fa/D/ag1WqbOprdI+uY6wMUl8/a2G+iag==",
			"dev": true
		},
		"esm": {
			"version": "3.2.25",
			"resolved": "https://registry.npmjs.org/esm/-/esm-3.2.25.tgz",
			"integrity": "sha512-U1suiZ2oDVWv4zPO56S0NcR5QriEahGtdN2OR6FiOG4WJvcjBVFB0qI4+eKoWFH483PKGuLuu6V8Z4T5g63UVA==",
			"dev": true
		},
		"fast-glob": {
			"version": "3.3.3",
			"resolved": "https://registry.npmjs.org/fast-glob/-/fast-glob-3.3.3.tgz",
			"integrity": "sha512-7MptL8U0cqcFdzIzwOTHoilX9x5BrNqye7Z/LuC7kCMRio1EMSyqRK3BEAUD7sXRq4iT4AzTVuZdhgQ2TCvYLg==",
			"dev": true,
			"requires": {
				"@nodelib/fs.stat": "^2.0.2",
				"@nodelib/fs.walk": "^1.2.3",
				"glob-parent": "^5.1.2",
				"merge2": "^1.3.0",
				"micromatch": "^4.0.8"
			},
			"dependencies": {
				"glob-parent": {
					"version": "5.1.2",
					"resolved": "https://registry.npmjs.org/glob-parent/-/glob-parent-5.1.2.tgz",
					"integrity": "sha512-AOIgSQCepiJYwP3ARnGx+5VnTu2HBYdzbGP45eLw1vr3zB3vZLeyed1sC9hnbcOc9/SrMyM5RPQrkGz4aS9Zow==",
					"dev": true,
					"requires": {
						"is-glob": "^4.0.1"
					}
				}
			}
		},
		"fastq": {
			"version": "1.19.1",
			"resolved": "https://registry.npmjs.org/fastq/-/fastq-1.19.1.tgz",
			"integrity": "sha512-GwLTyxkCXjXbxqIhTsMI2Nui8huMPtnxg7krajPJAjnEG/iiOS7i+zCtWGZR9G0NBKbXKh6X9m9UIsYX/N6vvQ==",
			"dev": true,
			"requires": {
				"reusify": "^1.0.4"
			}
		},
		"file-type-checker": {
			"version": "1.1.4",
			"resolved": "https://registry.npmjs.org/file-type-checker/-/file-type-checker-1.1.4.tgz",
			"integrity": "sha512-ZqDOywUE+cXb2PVb1iPHQP5/6ZLVCCJPIWJBStDXK1dWspUYNXtPRvU+Ae2ovWU5gmUXkmOQizTTGQZsqdekzg==",
			"dev": true
		},
		"fill-range": {
			"version": "7.1.1",
			"resolved": "https://registry.npmjs.org/fill-range/-/fill-range-7.1.1.tgz",
			"integrity": "sha512-YsGpe3WHLK8ZYi4tWDg2Jy3ebRz2rXowDxnld4bkQB00cc/1Zw9AWnC0i9ztDJitivtQvaI9KaLyKrc+hBW0yg==",
			"dev": true,
			"requires": {
				"to-regex-range": "^5.0.1"
			}
		},
		"function-bind": {
			"version": "1.1.2",
			"resolved": "https://registry.npmjs.org/function-bind/-/function-bind-1.1.2.tgz",
			"integrity": "sha512-7XHNxH7qX9xG5mIwxkhumTox/MIRNcOgDrxWsMt2pAr23WHp6MrRlN7FBSFpCpr+oVO0F744iUgR82nJMfG2SA==",
			"dev": true
		},
		"graphemer": {
			"version": "1.4.0",
			"resolved": "https://registry.npmjs.org/graphemer/-/graphemer-1.4.0.tgz",
			"integrity": "sha512-EtKwoO6kxCL9WO5xipiHTZlSzBm7WLT627TqC/uVRd0HKmq8NXyebnNYxDoBi7wt8eTWrUrKXCOVaFq9x1kgag==",
			"dev": true
		},
		"hasown": {
			"version": "2.0.0",
			"resolved": "https://registry.npmjs.org/hasown/-/hasown-2.0.0.tgz",
			"integrity": "sha512-vUptKVTpIJhcczKBbgnS+RtcuYMB8+oNzPK2/Hp3hanz8JmpATdmmgLgSaadVREkDm+e2giHwY3ZRkyjSIDDFA==",
			"dev": true,
			"requires": {
				"function-bind": "^1.1.2"
			}
		},
		"htmlparser2": {
			"version": "9.1.0",
			"resolved": "https://registry.npmjs.org/htmlparser2/-/htmlparser2-9.1.0.tgz",
			"integrity": "sha512-5zfg6mHUoaer/97TxnGpxmbR7zJtPwIYFMZ/H5ucTlPZhKvtum05yiPK3Mgai3a0DyVxv7qYqoweaEd2nrYQzQ==",
			"dev": true,
			"requires": {
				"domelementtype": "^2.3.0",
				"domhandler": "^5.0.3",
				"domutils": "^3.1.0",
				"entities": "^4.5.0"
			}
		},
		"iconv-lite": {
			"version": "0.6.3",
			"resolved": "https://registry.npmjs.org/iconv-lite/-/iconv-lite-0.6.3.tgz",
			"integrity": "sha512-4fCk79wshMdzMp2rH06qWrJE4iolqLhCUH+OiuIgU++RB0+94NlDL81atO7GX55uUKueo0txHNtvEyI6D7WdMw==",
			"dev": true,
			"requires": {
				"safer-buffer": ">= 2.1.2 < 3.0.0"
			}
		},
		"ignore": {
			"version": "5.3.2",
			"resolved": "https://registry.npmjs.org/ignore/-/ignore-5.3.2.tgz",
			"integrity": "sha512-hsBTNUqQTDwkWtcdYI2i06Y/nUBEsNEDJKjWdigLvegy8kDuJAS8uRlpkkcQpyEXL0Z/pjDy5HBmMjRCJ2gq+g==",
			"dev": true
		},
		"imask": {
			"version": "7.6.1",
			"resolved": "https://registry.npmjs.org/imask/-/imask-7.6.1.tgz",
			"integrity": "sha512-sJlIFM7eathUEMChTh9Mrfw/IgiWgJqBKq2VNbyXvBZ7ev/IlO6/KQTKlV/Fm+viQMLrFLG/zCuudrLIwgK2dg==",
			"dev": true,
			"requires": {
				"@babel/runtime-corejs3": "^7.24.4"
			}
		},
		"is-core-module": {
			"version": "2.13.1",
			"resolved": "https://registry.npmjs.org/is-core-module/-/is-core-module-2.13.1.tgz",
			"integrity": "sha512-hHrIjvZsftOsvKSn2TRYl63zvxsgE0K+0mYMoH6gD4omR5IWB2KynivBQczo3+wF1cCkjzvptnI9Q0sPU66ilw==",
			"dev": true,
			"requires": {
				"hasown": "^2.0.0"
			}
		},
		"is-extglob": {
			"version": "2.1.1",
			"resolved": "https://registry.npmjs.org/is-extglob/-/is-extglob-2.1.1.tgz",
			"integrity": "sha512-SbKbANkN603Vi4jEZv49LeVJMn4yGwsbzZworEoyEiutsN3nJYdbO36zfhGJ6QEDpOZIFkDtnq5JRxmvl3jsoQ==",
			"dev": true
		},
		"is-glob": {
			"version": "4.0.3",
			"resolved": "https://registry.npmjs.org/is-glob/-/is-glob-4.0.3.tgz",
			"integrity": "sha512-xelSayHH36ZgE7ZWhli7pW34hNbNl8Ojv5KVmkJD4hBdD3th8Tfk9vYasLM+mXWOZhFkgZfxhLSnrwRr4elSSg==",
			"dev": true,
			"requires": {
				"is-extglob": "^2.1.1"
			}
		},
		"is-number": {
			"version": "7.0.0",
			"resolved": "https://registry.npmjs.org/is-number/-/is-number-7.0.0.tgz",
			"integrity": "sha512-41Cifkg6e8TylSpdtTpeLVMqvSBEVzTttHvERD741+pnZ8ANv0004MRL43QKPDlK9cGvNp6NZWZUBlbGXYxxng==",
			"dev": true
		},
		"juice": {
			"version": "11.0.1",
			"resolved": "https://registry.npmjs.org/juice/-/juice-11.0.1.tgz",
			"integrity": "sha512-R3KLud4l/sN9AMmFZs0QY7cugGSiKvPhGyIsufCV5nJ0MjSlngUE7k80TmFeK9I62wOXrjWBtYA1knVs2OkF8w==",
			"dev": true,
			"requires": {
				"cheerio": "^1.0.0",
				"commander": "^12.1.0",
				"entities": "^4.5.0",
				"mensch": "^0.3.4",
				"slick": "^1.12.2",
				"web-resource-inliner": "^7.0.0"
			}
		},
		"linkify-it": {
			"version": "5.0.0",
			"resolved": "https://registry.npmjs.org/linkify-it/-/linkify-it-5.0.0.tgz",
			"integrity": "sha512-5aHCbzQRADcdP+ATqnDuhhJ/MRIqDkZX5pyjFHRRysS8vZ5AbqGEoFIb6pYHPZ+L/OC2Lc+xT8uHVVR5CAK/wQ==",
			"dev": true,
			"requires": {
				"uc.micro": "^2.0.0"
			}
		},
		"lodash-es": {
			"version": "4.17.21",
			"resolved": "https://registry.npmjs.org/lodash-es/-/lodash-es-4.17.21.tgz",
			"integrity": "sha512-mKnC+QJ9pWVzv+C4/U3rRsHapFfHvQFoFB92e52xeyGMcX6/OlIl78je1u8vePzYZSkkogMPJ2yjxxsb89cxyw==",
			"dev": true
		},
		"markdown-it": {
			"version": "14.1.0",
			"resolved": "https://registry.npmjs.org/markdown-it/-/markdown-it-14.1.0.tgz",
			"integrity": "sha512-a54IwgWPaeBCAAsv13YgmALOF1elABB08FxO9i+r4VFk5Vl4pKokRPeX8u5TCgSsPi6ec1otfLjdOpVcgbpshg==",
			"dev": true,
			"requires": {
				"argparse": "^2.0.1",
				"entities": "^4.4.0",
				"linkify-it": "^5.0.0",
				"mdurl": "^2.0.0",
				"punycode.js": "^2.3.1",
				"uc.micro": "^2.1.0"
			}
		},
		"mathjax-full": {
			"version": "3.2.2",
			"resolved": "https://registry.npmjs.org/mathjax-full/-/mathjax-full-3.2.2.tgz",
			"integrity": "sha512-+LfG9Fik+OuI8SLwsiR02IVdjcnRCy5MufYLi0C3TdMT56L/pjB0alMVGgoWJF8pN9Rc7FESycZB9BMNWIid5w==",
			"dev": true,
			"requires": {
				"esm": "^3.2.25",
				"mhchemparser": "^4.1.0",
				"mj-context-menu": "^0.6.1",
				"speech-rule-engine": "^4.0.6"
			}
		},
		"mdurl": {
			"version": "2.0.0",
			"resolved": "https://registry.npmjs.org/mdurl/-/mdurl-2.0.0.tgz",
			"integrity": "sha512-Lf+9+2r+Tdp5wXDXC4PcIBjTDtq4UKjCPMQhKIuzpJNW0b96kVqSwW0bT7FhRSfmAiFYgP+SCRvdrDozfh0U5w==",
			"dev": true
		},
		"mensch": {
			"version": "0.3.4",
			"resolved": "https://registry.npmjs.org/mensch/-/mensch-0.3.4.tgz",
			"integrity": "sha512-IAeFvcOnV9V0Yk+bFhYR07O3yNina9ANIN5MoXBKYJ/RLYPurd2d0yw14MDhpr9/momp0WofT1bPUh3hkzdi/g==",
			"dev": true
		},
		"merge2": {
			"version": "1.4.1",
			"resolved": "https://registry.npmjs.org/merge2/-/merge2-1.4.1.tgz",
			"integrity": "sha512-8q7VEgMJW4J8tcfVPy8g09NcQwZdbwFEqhe/WZkoIzjn/3TGDwtOCYtXGxA3O8tPzpczCCDgv+P2P5y00ZJOOg==",
			"dev": true
		},
		"mhchemparser": {
			"version": "4.2.1",
			"resolved": "https://registry.npmjs.org/mhchemparser/-/mhchemparser-4.2.1.tgz",
			"integrity": "sha512-kYmyrCirqJf3zZ9t/0wGgRZ4/ZJw//VwaRVGA75C4nhE60vtnIzhl9J9ndkX/h6hxSN7pjg/cE0VxbnNM+bnDQ==",
			"dev": true
		},
		"micromatch": {
			"version": "4.0.8",
			"resolved": "https://registry.npmjs.org/micromatch/-/micromatch-4.0.8.tgz",
			"integrity": "sha512-PXwfBhYu0hBCPw8Dn0E+WDYb7af3dSLVWKi3HGv84IdF4TyFoC0ysxFd0Goxw7nSv4T/PzEJQxsYsEiFCKo2BA==",
			"dev": true,
			"requires": {
				"braces": "^3.0.3",
				"picomatch": "^2.3.1"
			}
		},
		"mime": {
			"version": "2.6.0",
			"resolved": "https://registry.npmjs.org/mime/-/mime-2.6.0.tgz",
			"integrity": "sha512-USPkMeET31rOMiarsBNIHZKLGgvKc/LrjofAnBlOttf5ajRvqiRA8QsenbcooctK6d6Ts6aqZXBA+XbkKthiQg==",
			"dev": true
		},
		"minimatch": {
			"version": "3.1.2",
			"resolved": "https://registry.npmjs.org/minimatch/-/minimatch-3.1.2.tgz",
			"integrity": "sha512-J7p63hRiAjw1NDEww1W7i37+ByIrOWO5XQQAzZ3VOcL0PNybwpfmV/N05zFAzwQ9USyEcX6t3UO+K5aqBQOIHw==",
			"dev": true,
			"requires": {
				"brace-expansion": "^1.1.7"
			}
		},
		"mj-context-menu": {
			"version": "0.6.1",
			"resolved": "https://registry.npmjs.org/mj-context-menu/-/mj-context-menu-0.6.1.tgz",
			"integrity": "sha512-7NO5s6n10TIV96d4g2uDpG7ZDpIhMh0QNfGdJw/W47JswFcosz457wqz/b5sAKvl12sxINGFCn80NZHKwxQEXA==",
			"dev": true
		},
		"moment": {
			"version": "2.29.4",
			"resolved": "https://registry.npmjs.org/moment/-/moment-2.29.4.tgz",
			"integrity": "sha512-5LC9SOxjSc2HF6vO2CyuTDNivEdoz2IvyJJGj6X8DJ0eFyfszE0QiEd+iXmBvUP3WHxSjFH/vIsA0EN00cgr8w==",
			"dev": true
		},
		"ms": {
			"version": "2.1.3",
			"resolved": "https://registry.npmjs.org/ms/-/ms-2.1.3.tgz",
			"integrity": "sha512-6FlzubTLZG3J2a/NVCAleEhjzq5oxgHyaCU9yYXvcLsvoVaHJq/s5xXI6/XXP6tz7R9xAOtHnSO/tXtF3WRTlA==",
			"dev": true
		},
		"natural-compare": {
			"version": "1.4.0",
			"resolved": "https://registry.npmjs.org/natural-compare/-/natural-compare-1.4.0.tgz",
			"integrity": "sha512-OWND8ei3VtNC9h7V60qff3SVobHr996CTwgxubgyQYEpg290h9J0buyECNNJexkFm5sOajh5G116RYA1c8ZMSw==",
			"dev": true
		},
		"nth-check": {
			"version": "2.1.1",
			"resolved": "https://registry.npmjs.org/nth-check/-/nth-check-2.1.1.tgz",
			"integrity": "sha512-lqjrjmaOoAnWfMmBPL+XNnynZh2+swxiX3WUE0s4yEHI6m+AwrK2UZOimIRl3X/4QctVqS8AiZjFqyOGrMXb/w==",
			"dev": true,
			"requires": {
				"boolbase": "^1.0.0"
			}
		},
		"obsidian": {
			"version": "1.8.7",
			"resolved": "https://registry.npmjs.org/obsidian/-/obsidian-1.8.7.tgz",
			"integrity": "sha512-h4bWwNFAGRXlMlMAzdEiIM2ppTGlrh7uGOJS6w4gClrsjc+ei/3YAtU2VdFUlCiPuTHpY4aBpFJJW75S1Tl/JA==",
			"dev": true,
			"requires": {
				"@types/codemirror": "5.60.8",
				"moment": "2.29.4"
			}
		},
		"parse5": {
			"version": "7.2.1",
			"resolved": "https://registry.npmjs.org/parse5/-/parse5-7.2.1.tgz",
			"integrity": "sha512-BuBYQYlv1ckiPdQi/ohiivi9Sagc9JG+Ozs0r7b/0iK3sKmrb0b9FdWdBbOdx6hBCM/F9Ir82ofnBhtZOjCRPQ==",
			"dev": true,
			"requires": {
				"entities": "^4.5.0"
			}
		},
		"parse5-htmlparser2-tree-adapter": {
			"version": "7.1.0",
			"resolved": "https://registry.npmjs.org/parse5-htmlparser2-tree-adapter/-/parse5-htmlparser2-tree-adapter-7.1.0.tgz",
			"integrity": "sha512-ruw5xyKs6lrpo9x9rCZqZZnIUntICjQAd0Wsmp396Ul9lN/h+ifgVV1x1gZHi8euej6wTfpqX8j+BFQxF0NS/g==",
			"dev": true,
			"requires": {
				"domhandler": "^5.0.3",
				"parse5": "^7.0.0"
			}
		},
		"parse5-parser-stream": {
			"version": "7.1.2",
			"resolved": "https://registry.npmjs.org/parse5-parser-stream/-/parse5-parser-stream-7.1.2.tgz",
			"integrity": "sha512-JyeQc9iwFLn5TbvvqACIF/VXG6abODeB3Fwmv/TGdLk2LfbWkaySGY72at4+Ty7EkPZj854u4CrICqNk2qIbow==",
			"dev": true,
			"requires": {
				"parse5": "^7.0.0"
			}
		},
		"path-parse": {
			"version": "1.0.7",
			"resolved": "https://registry.npmjs.org/path-parse/-/path-parse-1.0.7.tgz",
			"integrity": "sha512-LDJzPVEEEPR+y48z93A0Ed0yXb8pAByGWo/k5YYdYgpY2/2EsOsksJrq7lOHxryrVOn1ejG6oAp8ahvOIQD8sw==",
			"dev": true
		},
		"picomatch": {
			"version": "2.3.1",
			"resolved": "https://registry.npmjs.org/picomatch/-/picomatch-2.3.1.tgz",
			"integrity": "sha512-JU3teHTNjmE2VCGFzuY8EXzCDVwEqB2a8fsIvwaStHhAWJEeVd1o1QD80CU6+ZdEXXSLbSsuLwJjkCBWqRQUVA==",
			"dev": true
		},
		"punycode.js": {
			"version": "2.3.1",
			"resolved": "https://registry.npmjs.org/punycode.js/-/punycode.js-2.3.1.tgz",
			"integrity": "sha512-uxFIHU0YlHYhDQtV4R9J6a52SLx28BCjT+4ieh7IGbgwVJWO+km431c4yRlREUAsAmt/uMjQUyQHNEPf0M39CA==",
			"dev": true
		},
		"queue-microtask": {
			"version": "1.2.3",
			"resolved": "https://registry.npmjs.org/queue-microtask/-/queue-microtask-1.2.3.tgz",
			"integrity": "sha512-NuaNSa6flKT5JaSYQzJok04JzTL1CA6aGhv5rfLW3PgqA+M2ChpZQnAC8h8i4ZFkBS8X5RqkDBHA7r4hej3K9A==",
			"dev": true
		},
		"regenerator-runtime": {
			"version": "0.14.1",
			"resolved": "https://registry.npmjs.org/regenerator-runtime/-/regenerator-runtime-0.14.1.tgz",
			"integrity": "sha512-dYnhHh0nJoMfnkZs6GmmhFknAGRrLznOu5nc9ML+EJxGvrx6H7teuevqVqCuPcPK//3eDrrjQhehXVx9cnkGdw==",
			"dev": true
		},
		"regexpp": {
			"version": "3.2.0",
			"resolved": "https://registry.npmjs.org/regexpp/-/regexpp-3.2.0.tgz",
			"integrity": "sha512-pq2bWo9mVD43nbts2wGv17XLiNLya+GklZ8kaDLV2Z08gDCsGpnKn9BFMepvWuHCbyVvY7J5o5+BVvoQbmlJLg==",
			"dev": true
		},
		"resolve": {
			"version": "1.22.8",
			"resolved": "https://registry.npmjs.org/resolve/-/resolve-1.22.8.tgz",
			"integrity": "sha512-oKWePCxqpd6FlLvGV1VU0x7bkPmmCNolxzjMf4NczoDnQcIWrAF+cPtZn5i6n+RfD2d9i0tzpKnG6Yk168yIyw==",
			"dev": true,
			"requires": {
				"is-core-module": "^2.13.0",
				"path-parse": "^1.0.7",
				"supports-preserve-symlinks-flag": "^1.0.0"
			}
		},
		"reusify": {
			"version": "1.1.0",
			"resolved": "https://registry.npmjs.org/reusify/-/reusify-1.1.0.tgz",
			"integrity": "sha512-g6QUff04oZpHs0eG5p83rFLhHeV00ug/Yf9nZM6fLeUrPguBTkTQOdpAWWspMh55TZfVQDPaN3NQJfbVRAxdIw==",
			"dev": true
		},
		"run-parallel": {
			"version": "1.2.0",
			"resolved": "https://registry.npmjs.org/run-parallel/-/run-parallel-1.2.0.tgz",
			"integrity": "sha512-5l4VyZR86LZ/lDxZTR6jqL8AFE2S0IFLMP26AbjsLVADxHdhB/c0GUsH+y39UfCi3dzz8OlQuPmnaJOMoDHQBA==",
			"dev": true,
			"requires": {
				"queue-microtask": "^1.2.2"
			}
		},
		"safer-buffer": {
			"version": "2.1.2",
			"resolved": "https://registry.npmjs.org/safer-buffer/-/safer-buffer-2.1.2.tgz",
			"integrity": "sha512-YZo3K82SD7Riyi0E1EQPojLz7kpepnSQI9IyPbHHg1XXXevb5dJI7tpyN2ADxGcQbHG7vcyRHk0cbwqcQriUtg==",
			"dev": true
		},
		"semver": {
			"version": "7.7.1",
			"resolved": "https://registry.npmjs.org/semver/-/semver-7.7.1.tgz",
			"integrity": "sha512-hlq8tAfn0m/61p4BVRcPzIGr6LKiMwo4VM6dGi6pt4qcRkmNzTcWq6eCEjEh+qXjkMDvPlOFFSGwQjoEa6gyMA==",
			"dev": true
		},
		"slick": {
			"version": "1.12.2",
			"resolved": "https://registry.npmjs.org/slick/-/slick-1.12.2.tgz",
			"integrity": "sha512-4qdtOGcBjral6YIBCWJ0ljFSKNLz9KkhbWtuGvUyRowl1kxfuE1x/Z/aJcaiilpb3do9bl5K7/1h9XC5wWpY/A==",
			"dev": true
		},
		"speech-rule-engine": {
			"version": "4.0.7",
			"resolved": "https://registry.npmjs.org/speech-rule-engine/-/speech-rule-engine-4.0.7.tgz",
			"integrity": "sha512-sJrL3/wHzNwJRLBdf6CjJWIlxC04iYKkyXvYSVsWVOiC2DSkHmxsqOhEeMsBA9XK+CHuNcsdkbFDnoUfAsmp9g==",
			"dev": true,
			"requires": {
				"commander": "9.2.0",
				"wicked-good-xpath": "1.3.0",
				"xmldom-sre": "0.1.31"
			},
			"dependencies": {
				"commander": {
					"version": "9.2.0",
					"resolved": "https://registry.npmjs.org/commander/-/commander-9.2.0.tgz",
					"integrity": "sha512-e2i4wANQiSXgnrBlIatyHtP1odfUp0BbV5Y5nEGbxtIrStkEOAAzCUirvLBNXHLr7kwLvJl6V+4V3XV9x7Wd9w==",
					"dev": true
				}
			}
		},
		"supports-preserve-symlinks-flag": {
			"version": "1.0.0",
			"resolved": "https://registry.npmjs.org/supports-preserve-symlinks-flag/-/supports-preserve-symlinks-flag-1.0.0.tgz",
			"integrity": "sha512-ot0WnXS9fgdkgIcePe6RHNk1WA8+muPa6cSjeR3V8K27q9BB1rTE3R1p7Hv0z1ZyAc8s6Vvv8DIyWf681MAt0w==",
			"dev": true
		},
		"to-regex-range": {
			"version": "5.0.1",
			"resolved": "https://registry.npmjs.org/to-regex-range/-/to-regex-range-5.0.1.tgz",
			"integrity": "sha512-65P7iz6X5yEr1cwcgvQxbbIw7Uk3gOy5dIdtZ4rDveLqhrdJP+Li/Hx6tyK0NEb+2GCyneCMJiGqrADCSNk8sQ==",
			"dev": true,
			"requires": {
				"is-number": "^7.0.0"
			}
		},
		"ts-api-utils": {
			"version": "2.0.1",
			"resolved": "https://registry.npmjs.org/ts-api-utils/-/ts-api-utils-2.0.1.tgz",
			"integrity": "sha512-dnlgjFSVetynI8nzgJ+qF62efpglpWRk8isUEWZGWlJYySCTD6aKvbUDu+zbPeDakk3bg5H4XpitHukgfL1m9w==",
			"dev": true
		},
		"tslib": {
			"version": "2.8.1",
			"resolved": "https://registry.npmjs.org/tslib/-/tslib-2.8.1.tgz",
			"integrity": "sha512-oJFu94HQb+KVduSUQL7wnpmqnfmLsOA/nAh6b6EH0wCEoK0/mPeXU6c3wKDV83MkOuHPRHtSXKKU99IBazS/2w==",
			"dev": true
		},
		"typescript": {
			"version": "5.8.3",
			"resolved": "https://registry.npmjs.org/typescript/-/typescript-5.8.3.tgz",
			"integrity": "sha512-p1diW6TqL9L07nNxvRMM7hMMw4c5XOo/1ibL4aAIGmSAt9slTE1Xgw5KWuof2uTOvCg9BY7ZRi+GaF+7sfgPeQ==",
			"dev": true
		},
		"uc.micro": {
			"version": "2.1.0",
			"resolved": "https://registry.npmjs.org/uc.micro/-/uc.micro-2.1.0.tgz",
			"integrity": "sha512-ARDJmphmdvUk6Glw7y9DQ2bFkKBHwQHLi2lsaH6PPmz/Ka9sFOBsBluozhDltWmnv9u/cF6Rt87znRTPV+yp/A==",
			"dev": true
		},
		"undici": {
			"version": "6.21.1",
			"resolved": "https://registry.npmjs.org/undici/-/undici-6.21.1.tgz",
			"integrity": "sha512-q/1rj5D0/zayJB2FraXdaWxbhWiNKDvu8naDT2dl1yTlvJp4BLtOcp2a5BvgGNQpYYJzau7tf1WgKv3b+7mqpQ==",
			"dev": true
		},
		"undici-types": {
			"version": "6.21.0",
			"resolved": "https://registry.npmjs.org/undici-types/-/undici-types-6.21.0.tgz",
			"integrity": "sha512-iwDZqg0QAGrg9Rav5H4n0M64c3mkR59cJ6wQp+7C4nI0gsmExaedaYLNO44eT4AtBBwjbTiGPMlt2Md0T9H9JQ==",
			"dev": true
		},
		"valid-data-url": {
			"version": "3.0.1",
			"resolved": "https://registry.npmjs.org/valid-data-url/-/valid-data-url-3.0.1.tgz",
			"integrity": "sha512-jOWVmzVceKlVVdwjNSenT4PbGghU0SBIizAev8ofZVgivk/TVHXSbNL8LP6M3spZvkR9/QolkyJavGSX5Cs0UA==",
			"dev": true
		},
		"web-resource-inliner": {
			"version": "7.0.0",
			"resolved": "https://registry.npmjs.org/web-resource-inliner/-/web-resource-inliner-7.0.0.tgz",
			"integrity": "sha512-NlfnGF8MY9ZUwFjyq3vOUBx7KwF8bmE+ywR781SB0nWB6MoMxN4BA8gtgP1KGTZo/O/AyWJz7HZpR704eaj4mg==",
			"dev": true,
			"requires": {
				"ansi-colors": "^4.1.1",
				"escape-goat": "^3.0.0",
				"htmlparser2": "^5.0.0",
				"mime": "^2.4.6",
				"valid-data-url": "^3.0.0"
			},
			"dependencies": {
				"dom-serializer": {
					"version": "1.4.1",
					"resolved": "https://registry.npmjs.org/dom-serializer/-/dom-serializer-1.4.1.tgz",
					"integrity": "sha512-VHwB3KfrcOOkelEG2ZOfxqLZdfkil8PtJi4P8N2MMXucZq2yLp75ClViUlOVwyoHEDjYU433Aq+5zWP61+RGag==",
					"dev": true,
					"requires": {
						"domelementtype": "^2.0.1",
						"domhandler": "^4.2.0",
						"entities": "^2.0.0"
					},
					"dependencies": {
						"domhandler": {
							"version": "4.3.1",
							"resolved": "https://registry.npmjs.org/domhandler/-/domhandler-4.3.1.tgz",
							"integrity": "sha512-GrwoxYN+uWlzO8uhUXRl0P+kHE4GtVPfYzVLcUxPL7KNdHKj66vvlhiweIHqYYXWlw+T8iLMp42Lm67ghw4WMQ==",
							"dev": true,
							"requires": {
								"domelementtype": "^2.2.0"
							}
						}
					}
				},
				"domhandler": {
					"version": "3.3.0",
					"resolved": "https://registry.npmjs.org/domhandler/-/domhandler-3.3.0.tgz",
					"integrity": "sha512-J1C5rIANUbuYK+FuFL98650rihynUOEzRLxW+90bKZRWB6A1X1Tf82GxR1qAWLyfNPRvjqfip3Q5tdYlmAa9lA==",
					"dev": true,
					"requires": {
						"domelementtype": "^2.0.1"
					}
				},
				"domutils": {
					"version": "2.8.0",
					"resolved": "https://registry.npmjs.org/domutils/-/domutils-2.8.0.tgz",
					"integrity": "sha512-w96Cjofp72M5IIhpjgobBimYEfoPjx1Vx0BSX9P30WBdZW2WIKU0T1Bd0kz2eNZ9ikjKgHbEyKx8BB6H1L3h3A==",
					"dev": true,
					"requires": {
						"dom-serializer": "^1.0.1",
						"domelementtype": "^2.2.0",
						"domhandler": "^4.2.0"
					},
					"dependencies": {
						"domhandler": {
							"version": "4.3.1",
							"resolved": "https://registry.npmjs.org/domhandler/-/domhandler-4.3.1.tgz",
							"integrity": "sha512-GrwoxYN+uWlzO8uhUXRl0P+kHE4GtVPfYzVLcUxPL7KNdHKj66vvlhiweIHqYYXWlw+T8iLMp42Lm67ghw4WMQ==",
							"dev": true,
							"requires": {
								"domelementtype": "^2.2.0"
							}
						}
					}
				},
				"entities": {
					"version": "2.2.0",
					"resolved": "https://registry.npmjs.org/entities/-/entities-2.2.0.tgz",
					"integrity": "sha512-p92if5Nz619I0w+akJrLZH0MX0Pb5DX39XOwQTtXSdQQOaYH03S1uIQp4mhOZtAXrxq4ViO67YTiLBo2638o9A==",
					"dev": true
				},
				"htmlparser2": {
					"version": "5.0.1",
					"resolved": "https://registry.npmjs.org/htmlparser2/-/htmlparser2-5.0.1.tgz",
					"integrity": "sha512-vKZZra6CSe9qsJzh0BjBGXo8dvzNsq/oGvsjfRdOrrryfeD9UOBEEQdeoqCRmKZchF5h2zOBMQ6YuQ0uRUmdbQ==",
					"dev": true,
					"requires": {
						"domelementtype": "^2.0.1",
						"domhandler": "^3.3.0",
						"domutils": "^2.4.2",
						"entities": "^2.0.0"
					}
				}
			}
		},
		"whatwg-encoding": {
			"version": "3.1.1",
			"resolved": "https://registry.npmjs.org/whatwg-encoding/-/whatwg-encoding-3.1.1.tgz",
			"integrity": "sha512-6qN4hJdMwfYBtE3YBTTHhoeuUrDBPZmbQaxWAqSALV/MeEnR5z1xd8UKud2RAkFoPkmB+hli1TZSnyi84xz1vQ==",
			"dev": true,
			"requires": {
				"iconv-lite": "0.6.3"
			}
		},
		"whatwg-mimetype": {
			"version": "4.0.0",
			"resolved": "https://registry.npmjs.org/whatwg-mimetype/-/whatwg-mimetype-4.0.0.tgz",
			"integrity": "sha512-QaKxh0eNIi2mE9p2vEdzfagOKHCcj1pJ56EEHGQOVxp8r9/iszLUUV7v89x9O1p/T+NlTM5W7jW6+cz4Fq1YVg==",
			"dev": true
		},
		"wicked-good-xpath": {
			"version": "1.3.0",
			"resolved": "https://registry.npmjs.org/wicked-good-xpath/-/wicked-good-xpath-1.3.0.tgz",
			"integrity": "sha512-Gd9+TUn5nXdwj/hFsPVx5cuHHiF5Bwuc30jZ4+ronF1qHK5O7HD0sgmXWSEgwKquT3ClLoKPVbO6qGwVwLzvAw==",
			"dev": true
		},
		"xmldom-sre": {
			"version": "0.1.31",
			"resolved": "https://registry.npmjs.org/xmldom-sre/-/xmldom-sre-0.1.31.tgz",
			"integrity": "sha512-f9s+fUkX04BxQf+7mMWAp5zk61pciie+fFLC9hX9UVvCeJQfNHRHXpeo5MPcR0EUf57PYLdt+ZO4f3Ipk2oZUw==",
			"dev": true
		}
	}
}
